
Microsoft Visual Studio Solution File, Format Version 11.00
# Visual Studio 2010
Project("{FAE04EC0-301F-11D3-BF4B-00C04F79EFBC}") = "Configuration", "Configuration\Configuration.csproj", "{82D2E8C9-A6D9-4222-A744-5D7CB15BEC00}"
EndProject
Project("{FAE04EC0-301F-11D3-BF4B-00C04F79EFBC}") = "Attributes", "Attributes\Attributes.csproj", "{5F381378-8D75-4A9B-8CED-CC714285B5D9}"
EndProject
Project("{FAE04EC0-301F-11D3-BF4B-00C04F79EFBC}") = "Utilities", "Utilities\Utilities.csproj", "{087015A2-0209-4BB2-A8F6-A9E950C5E4D6}"
EndProject
Project("{FAE04EC0-301F-11D3-BF4B-00C04F79EFBC}") = "UIUtility", "UIUtility\UIUtility.csproj", "{80BBF187-B2B4-4CAC-9C5E-19165E2C2F41}"
EndProject
Project("{FAE04EC0-301F-11D3-BF4B-00C04F79EFBC}") = "Managers", "Managers\Managers.csproj", "{800A556B-1D98-4847-A30A-2EF1E0A2AEC8}"
EndProject
Project("{FAE04EC0-301F-11D3-BF4B-00C04F79EFBC}") = "DataAccess", "Linq\DataAccess.csproj", "{F50173D0-55CE-432D-B6F3-A9024C81E1B0}"
EndProject
Project("{FAE04EC0-301F-11D3-BF4B-00C04F79EFBC}") = "DataCollection", "DataCollection\DataCollection.csproj", "{1177E70D-E106-4B37-97F6-7295F8FF41AC}"
EndProject
Project("{FAE04EC0-301F-11D3-BF4B-00C04F79EFBC}") = "Keyword", "Keyword\Keyword.csproj", "{2E1AE510-459D-489B-AAB7-420EAFF75BDB}"
EndProject
Project("{2150E333-8FDC-42A3-9474-1A3956D46DE8}") = "Addon", "Addon", "{C00C7B40-284C-48F2-AECB-F47508D282C5}"
EndProject
Project("{FAE04EC0-301F-11D3-BF4B-00C04F79EFBC}") = "NUnitAddin", "Addon\NUnitAddin\NUnitAddin.csproj", "{CDC95683-EFB8-4FE5-B439-D3A271D39BF8}"
EndProject
Project("{FAE04EC0-301F-11D3-BF4B-00C04F79EFBC}") = "PageObject", "PageObject\PageObject.csproj", "{A09A40F3-5A10-4913-AA98-6F40939EFA08}"
EndProject
Project("{FAE04EC0-301F-11D3-BF4B-00C04F79EFBC}") = "WebElements", "WebElements\WebElements.csproj", "{58A621EF-54DC-418C-B002-A8083712B243}"
EndProject
Project("{2150E333-8FDC-42A3-9474-1A3956D46DE8}") = "Fixtures", "Fixtures", "{3D9FC771-E994-4651-B635-E211FECE9570}"
EndProject
Project("{FAE04EC0-301F-11D3-BF4B-00C04F79EFBC}") = "Fixtures.Base", "Fixtures\Base\Fixtures.Base.csproj", "{00D2681A-E779-4805-8F26-735B3ED4C151}"
EndProject
Project("{FAE04EC0-301F-11D3-BF4B-00C04F79EFBC}") = "Fixtures.API", "Fixtures\API\Fixtures.API.csproj", "{B5B5D732-6971-4BF8-86D5-60974A435D09}"
EndProject
Project("{FAE04EC0-301F-11D3-BF4B-00C04F79EFBC}") = "Fixtures.Emails", "Fixtures\Emails\Fixtures.Emails.csproj", "{E98CA55D-846B-40A0-9DDC-E5FCDEEEF2E1}"
EndProject
Project("{FAE04EC0-301F-11D3-BF4B-00C04F79EFBC}") = "Fixtures.Manager", "Fixtures\Manager\Fixtures.Manager.csproj", "{B4A2AD2C-9D51-404B-A55A-26EFE1460D46}"
EndProject
Project("{FAE04EC0-301F-11D3-BF4B-00C04F79EFBC}") = "Fixtures.Reports", "Fixtures\Reports\Fixtures.Reports.csproj", "{E128EFDD-EE82-4F87-99D3-FBF505BF231E}"
EndProject
Project("{FAE04EC0-301F-11D3-BF4B-00C04F79EFBC}") = "Fixtures.XAuth", "Fixtures\xAuth\Fixtures.XAuth.csproj", "{2D5AAC90-5FFA-428F-A351-80FE858D4D6B}"
EndProject
Project("{FAE04EC0-301F-11D3-BF4B-00C04F79EFBC}") = "Fixtures.RegistrationInventory", "Fixtures\RegistrationInventory\Fixtures.RegistrationInventory.csproj", "{D89F5AAE-6E97-4EF3-8763-BE2635912BB3}"
EndProject
Project("{FAE04EC0-301F-11D3-BF4B-00C04F79EFBC}") = "Fixtures.Transaction", "Fixtures\Transaction\Fixtures.Transaction.csproj", "{330AF31D-6218-4E37-8185-0CF4E2D51921}"
EndProject
Project("{FAE04EC0-301F-11D3-BF4B-00C04F79EFBC}") = "Fixtures.Backend", "Fixtures\Backend\Fixtures.Backend.csproj", "{08584F87-A4B7-4833-95B4-29AB0FB3735A}"
EndProject
Project("{FAE04EC0-301F-11D3-BF4B-00C04F79EFBC}") = "Fixtures.Gateway", "Fixtures\Gateway\Fixtures.Gateway.csproj", "{30D48282-7673-4387-A306-C472F7638A3E}"
EndProject
Project("{FAE04EC0-301F-11D3-BF4B-00C04F79EFBC}") = "Fixtures.Marketing", "Fixtures\Marketing\Fixtures.Marketing.csproj", "{0DAA38B5-2333-48B8-ABCF-BDCC62EF327F}"
EndProject
Project("{FAE04EC0-301F-11D3-BF4B-00C04F79EFBC}") = "Fixtures.Warmup", "Fixtures\Warmup\Fixtures.Warmup.csproj", "{E966468E-00BC-4445-B173-747459E46B1E}"
EndProject
Project("{FAE04EC0-301F-11D3-BF4B-00C04F79EFBC}") = "ConsoleTool", "ConsoleTool\ConsoleTool.csproj", "{628AF57E-FF93-40E9-9B2B-C7F307609880}"
EndProject
Project("{FAE04EC0-301F-11D3-BF4B-00C04F79EFBC}") = "Fixtures.SSO", "Fixtures\SSO\Fixtures.SSO.csproj", "{268E7680-E27B-46C7-9701-01426C91B5E8}"
EndProject
Project("{FAE04EC0-301F-11D3-BF4B-00C04F79EFBC}") = "AutoIt", "AutoIt\AutoIt.csproj", "{0346655B-EEF2-4ADC-B5E3-58FF493216AE}"
EndProject
Project("{FAE04EC0-301F-11D3-BF4B-00C04F79EFBC}") = "Fixtures.FormTypes", "Fixtures\FormTypes\Fixtures.FormTypes.csproj", "{61470DD0-9E5E-4083-A6DA-2ECAB0D0E689}"
EndProject
Project("{FAE04EC0-301F-11D3-BF4B-00C04F79EFBC}") = "Fixtures.Merchandise", "Fixtures\Merchandise\Fixtures.Merchandise.csproj", "{C0DA530D-F813-4303-AD0F-34EEEC275501}"
EndProject
Project("{FAE04EC0-301F-11D3-BF4B-00C04F79EFBC}") = "Fixtures.Agenda", "Fixtures\Agenda\Fixtures.Agenda.csproj", "{A18A7F36-9896-46BE-8BE6-FB97EE1FE193}"
EndProject
Project("{FAE04EC0-301F-11D3-BF4B-00C04F79EFBC}") = "Fixtures.LodgingAndTravel", "Fixtures\LodgingAndTravel\Fixtures.LodgingAndTravel.csproj", "{2CF171D1-D0E2-4C27-BE56-A14D16FF4A5F}"
EndProject
Project("{FAE04EC0-301F-11D3-BF4B-00C04F79EFBC}") = "Fixtures.SpecialOptions", "Fixtures\SpecialOptions\Fixtures.SpecialOptions.csproj", "{246D2D6D-6C46-4B88-A6C4-2905A803B6B8}"
EndProject
Project("{FAE04EC0-301F-11D3-BF4B-00C04F79EFBC}") = "Fixtures.FeeOptions", "Fixtures\FeeOptions\Fixtures.FeeOptions.csproj", "{3E21E791-9506-4D44-A43E-EB1952DC6A88}"
EndProject
Global
	GlobalSection(SolutionConfigurationPlatforms) = preSolution
		Debug|Any CPU = Debug|Any CPU
		Debug|Mixed Platforms = Debug|Mixed Platforms
		Debug|x86 = Debug|x86
		Release|Any CPU = Release|Any CPU
		Release|Mixed Platforms = Release|Mixed Platforms
		Release|x86 = Release|x86
	EndGlobalSection
	GlobalSection(ProjectConfigurationPlatforms) = postSolution
		{82D2E8C9-A6D9-4222-A744-5D7CB15BEC00}.Debug|Any CPU.ActiveCfg = Debug|Any CPU
		{82D2E8C9-A6D9-4222-A744-5D7CB15BEC00}.Debug|Any CPU.Build.0 = Debug|Any CPU
		{82D2E8C9-A6D9-4222-A744-5D7CB15BEC00}.Debug|Mixed Platforms.ActiveCfg = Debug|Any CPU
		{82D2E8C9-A6D9-4222-A744-5D7CB15BEC00}.Debug|Mixed Platforms.Build.0 = Debug|Any CPU
		{82D2E8C9-A6D9-4222-A744-5D7CB15BEC00}.Debug|x86.ActiveCfg = Debug|Any CPU
		{82D2E8C9-A6D9-4222-A744-5D7CB15BEC00}.Release|Any CPU.ActiveCfg = Release|Any CPU
		{82D2E8C9-A6D9-4222-A744-5D7CB15BEC00}.Release|Any CPU.Build.0 = Release|Any CPU
		{82D2E8C9-A6D9-4222-A744-5D7CB15BEC00}.Release|Mixed Platforms.ActiveCfg = Release|Any CPU
		{82D2E8C9-A6D9-4222-A744-5D7CB15BEC00}.Release|Mixed Platforms.Build.0 = Release|Any CPU
		{82D2E8C9-A6D9-4222-A744-5D7CB15BEC00}.Release|x86.ActiveCfg = Release|Any CPU
		{5F381378-8D75-4A9B-8CED-CC714285B5D9}.Debug|Any CPU.ActiveCfg = Debug|Any CPU
		{5F381378-8D75-4A9B-8CED-CC714285B5D9}.Debug|Any CPU.Build.0 = Debug|Any CPU
		{5F381378-8D75-4A9B-8CED-CC714285B5D9}.Debug|Mixed Platforms.ActiveCfg = Debug|Any CPU
		{5F381378-8D75-4A9B-8CED-CC714285B5D9}.Debug|Mixed Platforms.Build.0 = Debug|Any CPU
		{5F381378-8D75-4A9B-8CED-CC714285B5D9}.Debug|x86.ActiveCfg = Debug|Any CPU
		{5F381378-8D75-4A9B-8CED-CC714285B5D9}.Release|Any CPU.ActiveCfg = Release|Any CPU
		{5F381378-8D75-4A9B-8CED-CC714285B5D9}.Release|Any CPU.Build.0 = Release|Any CPU
		{5F381378-8D75-4A9B-8CED-CC714285B5D9}.Release|Mixed Platforms.ActiveCfg = Release|Any CPU
		{5F381378-8D75-4A9B-8CED-CC714285B5D9}.Release|Mixed Platforms.Build.0 = Release|Any CPU
		{5F381378-8D75-4A9B-8CED-CC714285B5D9}.Release|x86.ActiveCfg = Release|Any CPU
		{087015A2-0209-4BB2-A8F6-A9E950C5E4D6}.Debug|Any CPU.ActiveCfg = Debug|Any CPU
		{087015A2-0209-4BB2-A8F6-A9E950C5E4D6}.Debug|Any CPU.Build.0 = Debug|Any CPU
		{087015A2-0209-4BB2-A8F6-A9E950C5E4D6}.Debug|Mixed Platforms.ActiveCfg = Debug|Any CPU
		{087015A2-0209-4BB2-A8F6-A9E950C5E4D6}.Debug|Mixed Platforms.Build.0 = Debug|Any CPU
		{087015A2-0209-4BB2-A8F6-A9E950C5E4D6}.Debug|x86.ActiveCfg = Debug|Any CPU
		{087015A2-0209-4BB2-A8F6-A9E950C5E4D6}.Release|Any CPU.ActiveCfg = Release|Any CPU
		{087015A2-0209-4BB2-A8F6-A9E950C5E4D6}.Release|Any CPU.Build.0 = Release|Any CPU
		{087015A2-0209-4BB2-A8F6-A9E950C5E4D6}.Release|Mixed Platforms.ActiveCfg = Release|Any CPU
		{087015A2-0209-4BB2-A8F6-A9E950C5E4D6}.Release|Mixed Platforms.Build.0 = Release|Any CPU
		{087015A2-0209-4BB2-A8F6-A9E950C5E4D6}.Release|x86.ActiveCfg = Release|Any CPU
		{80BBF187-B2B4-4CAC-9C5E-19165E2C2F41}.Debug|Any CPU.ActiveCfg = Debug|Any CPU
		{80BBF187-B2B4-4CAC-9C5E-19165E2C2F41}.Debug|Any CPU.Build.0 = Debug|Any CPU
		{80BBF187-B2B4-4CAC-9C5E-19165E2C2F41}.Debug|Mixed Platforms.ActiveCfg = Debug|Any CPU
		{80BBF187-B2B4-4CAC-9C5E-19165E2C2F41}.Debug|Mixed Platforms.Build.0 = Debug|Any CPU
		{80BBF187-B2B4-4CAC-9C5E-19165E2C2F41}.Debug|x86.ActiveCfg = Debug|Any CPU
		{80BBF187-B2B4-4CAC-9C5E-19165E2C2F41}.Release|Any CPU.ActiveCfg = Release|Any CPU
		{80BBF187-B2B4-4CAC-9C5E-19165E2C2F41}.Release|Any CPU.Build.0 = Release|Any CPU
		{80BBF187-B2B4-4CAC-9C5E-19165E2C2F41}.Release|Mixed Platforms.ActiveCfg = Release|Any CPU
		{80BBF187-B2B4-4CAC-9C5E-19165E2C2F41}.Release|Mixed Platforms.Build.0 = Release|Any CPU
		{80BBF187-B2B4-4CAC-9C5E-19165E2C2F41}.Release|x86.ActiveCfg = Release|Any CPU
		{800A556B-1D98-4847-A30A-2EF1E0A2AEC8}.Debug|Any CPU.ActiveCfg = Debug|Any CPU
		{800A556B-1D98-4847-A30A-2EF1E0A2AEC8}.Debug|Any CPU.Build.0 = Debug|Any CPU
		{800A556B-1D98-4847-A30A-2EF1E0A2AEC8}.Debug|Mixed Platforms.ActiveCfg = Debug|Any CPU
		{800A556B-1D98-4847-A30A-2EF1E0A2AEC8}.Debug|Mixed Platforms.Build.0 = Debug|Any CPU
		{800A556B-1D98-4847-A30A-2EF1E0A2AEC8}.Debug|x86.ActiveCfg = Debug|Any CPU
		{800A556B-1D98-4847-A30A-2EF1E0A2AEC8}.Release|Any CPU.ActiveCfg = Release|Any CPU
		{800A556B-1D98-4847-A30A-2EF1E0A2AEC8}.Release|Any CPU.Build.0 = Release|Any CPU
		{800A556B-1D98-4847-A30A-2EF1E0A2AEC8}.Release|Mixed Platforms.ActiveCfg = Release|Any CPU
		{800A556B-1D98-4847-A30A-2EF1E0A2AEC8}.Release|Mixed Platforms.Build.0 = Release|Any CPU
		{800A556B-1D98-4847-A30A-2EF1E0A2AEC8}.Release|x86.ActiveCfg = Release|Any CPU
		{F50173D0-55CE-432D-B6F3-A9024C81E1B0}.Debug|Any CPU.ActiveCfg = Debug|Any CPU
		{F50173D0-55CE-432D-B6F3-A9024C81E1B0}.Debug|Any CPU.Build.0 = Debug|Any CPU
		{F50173D0-55CE-432D-B6F3-A9024C81E1B0}.Debug|Mixed Platforms.ActiveCfg = Debug|Any CPU
		{F50173D0-55CE-432D-B6F3-A9024C81E1B0}.Debug|Mixed Platforms.Build.0 = Debug|Any CPU
		{F50173D0-55CE-432D-B6F3-A9024C81E1B0}.Debug|x86.ActiveCfg = Debug|Any CPU
		{F50173D0-55CE-432D-B6F3-A9024C81E1B0}.Release|Any CPU.ActiveCfg = Release|Any CPU
		{F50173D0-55CE-432D-B6F3-A9024C81E1B0}.Release|Any CPU.Build.0 = Release|Any CPU
		{F50173D0-55CE-432D-B6F3-A9024C81E1B0}.Release|Mixed Platforms.ActiveCfg = Release|Any CPU
		{F50173D0-55CE-432D-B6F3-A9024C81E1B0}.Release|Mixed Platforms.Build.0 = Release|Any CPU
		{F50173D0-55CE-432D-B6F3-A9024C81E1B0}.Release|x86.ActiveCfg = Release|Any CPU
		{1177E70D-E106-4B37-97F6-7295F8FF41AC}.Debug|Any CPU.ActiveCfg = Debug|Any CPU
		{1177E70D-E106-4B37-97F6-7295F8FF41AC}.Debug|Any CPU.Build.0 = Debug|Any CPU
		{1177E70D-E106-4B37-97F6-7295F8FF41AC}.Debug|Mixed Platforms.ActiveCfg = Debug|Any CPU
		{1177E70D-E106-4B37-97F6-7295F8FF41AC}.Debug|Mixed Platforms.Build.0 = Debug|Any CPU
		{1177E70D-E106-4B37-97F6-7295F8FF41AC}.Debug|x86.ActiveCfg = Debug|Any CPU
		{1177E70D-E106-4B37-97F6-7295F8FF41AC}.Release|Any CPU.ActiveCfg = Release|Any CPU
		{1177E70D-E106-4B37-97F6-7295F8FF41AC}.Release|Any CPU.Build.0 = Release|Any CPU
		{1177E70D-E106-4B37-97F6-7295F8FF41AC}.Release|Mixed Platforms.ActiveCfg = Release|Any CPU
		{1177E70D-E106-4B37-97F6-7295F8FF41AC}.Release|Mixed Platforms.Build.0 = Release|Any CPU
		{1177E70D-E106-4B37-97F6-7295F8FF41AC}.Release|x86.ActiveCfg = Release|Any CPU
		{2E1AE510-459D-489B-AAB7-420EAFF75BDB}.Debug|Any CPU.ActiveCfg = Debug|Any CPU
		{2E1AE510-459D-489B-AAB7-420EAFF75BDB}.Debug|Any CPU.Build.0 = Debug|Any CPU
		{2E1AE510-459D-489B-AAB7-420EAFF75BDB}.Debug|Mixed Platforms.ActiveCfg = Debug|Any CPU
		{2E1AE510-459D-489B-AAB7-420EAFF75BDB}.Debug|Mixed Platforms.Build.0 = Debug|Any CPU
		{2E1AE510-459D-489B-AAB7-420EAFF75BDB}.Debug|x86.ActiveCfg = Debug|Any CPU
		{2E1AE510-459D-489B-AAB7-420EAFF75BDB}.Release|Any CPU.ActiveCfg = Release|Any CPU
		{2E1AE510-459D-489B-AAB7-420EAFF75BDB}.Release|Any CPU.Build.0 = Release|Any CPU
		{2E1AE510-459D-489B-AAB7-420EAFF75BDB}.Release|Mixed Platforms.ActiveCfg = Release|Any CPU
		{2E1AE510-459D-489B-AAB7-420EAFF75BDB}.Release|Mixed Platforms.Build.0 = Release|Any CPU
		{2E1AE510-459D-489B-AAB7-420EAFF75BDB}.Release|x86.ActiveCfg = Release|Any CPU
		{CDC95683-EFB8-4FE5-B439-D3A271D39BF8}.Debug|Any CPU.ActiveCfg = Debug|Any CPU
		{CDC95683-EFB8-4FE5-B439-D3A271D39BF8}.Debug|Any CPU.Build.0 = Debug|Any CPU
		{CDC95683-EFB8-4FE5-B439-D3A271D39BF8}.Debug|Mixed Platforms.ActiveCfg = Debug|Any CPU
		{CDC95683-EFB8-4FE5-B439-D3A271D39BF8}.Debug|Mixed Platforms.Build.0 = Debug|Any CPU
		{CDC95683-EFB8-4FE5-B439-D3A271D39BF8}.Debug|x86.ActiveCfg = Debug|Any CPU
		{CDC95683-EFB8-4FE5-B439-D3A271D39BF8}.Release|Any CPU.ActiveCfg = Release|Any CPU
		{CDC95683-EFB8-4FE5-B439-D3A271D39BF8}.Release|Any CPU.Build.0 = Release|Any CPU
		{CDC95683-EFB8-4FE5-B439-D3A271D39BF8}.Release|Mixed Platforms.ActiveCfg = Release|Any CPU
		{CDC95683-EFB8-4FE5-B439-D3A271D39BF8}.Release|Mixed Platforms.Build.0 = Release|Any CPU
		{CDC95683-EFB8-4FE5-B439-D3A271D39BF8}.Release|x86.ActiveCfg = Release|Any CPU
		{A09A40F3-5A10-4913-AA98-6F40939EFA08}.Debug|Any CPU.ActiveCfg = Debug|Any CPU
		{A09A40F3-5A10-4913-AA98-6F40939EFA08}.Debug|Any CPU.Build.0 = Debug|Any CPU
		{A09A40F3-5A10-4913-AA98-6F40939EFA08}.Debug|Mixed Platforms.ActiveCfg = Debug|Any CPU
		{A09A40F3-5A10-4913-AA98-6F40939EFA08}.Debug|Mixed Platforms.Build.0 = Debug|Any CPU
		{A09A40F3-5A10-4913-AA98-6F40939EFA08}.Debug|x86.ActiveCfg = Debug|Any CPU
		{A09A40F3-5A10-4913-AA98-6F40939EFA08}.Release|Any CPU.ActiveCfg = Release|Any CPU
		{A09A40F3-5A10-4913-AA98-6F40939EFA08}.Release|Any CPU.Build.0 = Release|Any CPU
		{A09A40F3-5A10-4913-AA98-6F40939EFA08}.Release|Mixed Platforms.ActiveCfg = Release|Any CPU
		{A09A40F3-5A10-4913-AA98-6F40939EFA08}.Release|Mixed Platforms.Build.0 = Release|Any CPU
		{A09A40F3-5A10-4913-AA98-6F40939EFA08}.Release|x86.ActiveCfg = Release|Any CPU
		{58A621EF-54DC-418C-B002-A8083712B243}.Debug|Any CPU.ActiveCfg = Debug|Any CPU
		{58A621EF-54DC-418C-B002-A8083712B243}.Debug|Any CPU.Build.0 = Debug|Any CPU
		{58A621EF-54DC-418C-B002-A8083712B243}.Debug|Mixed Platforms.ActiveCfg = Debug|Any CPU
		{58A621EF-54DC-418C-B002-A8083712B243}.Debug|Mixed Platforms.Build.0 = Debug|Any CPU
		{58A621EF-54DC-418C-B002-A8083712B243}.Debug|x86.ActiveCfg = Debug|Any CPU
		{58A621EF-54DC-418C-B002-A8083712B243}.Release|Any CPU.ActiveCfg = Release|Any CPU
		{58A621EF-54DC-418C-B002-A8083712B243}.Release|Any CPU.Build.0 = Release|Any CPU
		{58A621EF-54DC-418C-B002-A8083712B243}.Release|Mixed Platforms.ActiveCfg = Release|Any CPU
		{58A621EF-54DC-418C-B002-A8083712B243}.Release|Mixed Platforms.Build.0 = Release|Any CPU
		{58A621EF-54DC-418C-B002-A8083712B243}.Release|x86.ActiveCfg = Release|Any CPU
		{00D2681A-E779-4805-8F26-735B3ED4C151}.Debug|Any CPU.ActiveCfg = Debug|Any CPU
		{00D2681A-E779-4805-8F26-735B3ED4C151}.Debug|Any CPU.Build.0 = Debug|Any CPU
		{00D2681A-E779-4805-8F26-735B3ED4C151}.Debug|Mixed Platforms.ActiveCfg = Debug|Any CPU
		{00D2681A-E779-4805-8F26-735B3ED4C151}.Debug|Mixed Platforms.Build.0 = Debug|Any CPU
		{00D2681A-E779-4805-8F26-735B3ED4C151}.Debug|x86.ActiveCfg = Debug|Any CPU
		{00D2681A-E779-4805-8F26-735B3ED4C151}.Release|Any CPU.ActiveCfg = Release|Any CPU
		{00D2681A-E779-4805-8F26-735B3ED4C151}.Release|Any CPU.Build.0 = Release|Any CPU
		{00D2681A-E779-4805-8F26-735B3ED4C151}.Release|Mixed Platforms.ActiveCfg = Release|Any CPU
		{00D2681A-E779-4805-8F26-735B3ED4C151}.Release|Mixed Platforms.Build.0 = Release|Any CPU
		{00D2681A-E779-4805-8F26-735B3ED4C151}.Release|x86.ActiveCfg = Release|Any CPU
		{B5B5D732-6971-4BF8-86D5-60974A435D09}.Debug|Any CPU.ActiveCfg = Debug|Any CPU
		{B5B5D732-6971-4BF8-86D5-60974A435D09}.Debug|Any CPU.Build.0 = Debug|Any CPU
		{B5B5D732-6971-4BF8-86D5-60974A435D09}.Debug|Mixed Platforms.ActiveCfg = Debug|Any CPU
		{B5B5D732-6971-4BF8-86D5-60974A435D09}.Debug|Mixed Platforms.Build.0 = Debug|Any CPU
		{B5B5D732-6971-4BF8-86D5-60974A435D09}.Debug|x86.ActiveCfg = Debug|Any CPU
		{B5B5D732-6971-4BF8-86D5-60974A435D09}.Release|Any CPU.ActiveCfg = Release|Any CPU
		{B5B5D732-6971-4BF8-86D5-60974A435D09}.Release|Any CPU.Build.0 = Release|Any CPU
		{B5B5D732-6971-4BF8-86D5-60974A435D09}.Release|Mixed Platforms.ActiveCfg = Release|Any CPU
		{B5B5D732-6971-4BF8-86D5-60974A435D09}.Release|Mixed Platforms.Build.0 = Release|Any CPU
		{B5B5D732-6971-4BF8-86D5-60974A435D09}.Release|x86.ActiveCfg = Release|Any CPU
		{E98CA55D-846B-40A0-9DDC-E5FCDEEEF2E1}.Debug|Any CPU.ActiveCfg = Debug|Any CPU
		{E98CA55D-846B-40A0-9DDC-E5FCDEEEF2E1}.Debug|Any CPU.Build.0 = Debug|Any CPU
		{E98CA55D-846B-40A0-9DDC-E5FCDEEEF2E1}.Debug|Mixed Platforms.ActiveCfg = Debug|Any CPU
		{E98CA55D-846B-40A0-9DDC-E5FCDEEEF2E1}.Debug|Mixed Platforms.Build.0 = Debug|Any CPU
		{E98CA55D-846B-40A0-9DDC-E5FCDEEEF2E1}.Debug|x86.ActiveCfg = Debug|Any CPU
		{E98CA55D-846B-40A0-9DDC-E5FCDEEEF2E1}.Release|Any CPU.ActiveCfg = Release|Any CPU
		{E98CA55D-846B-40A0-9DDC-E5FCDEEEF2E1}.Release|Any CPU.Build.0 = Release|Any CPU
		{E98CA55D-846B-40A0-9DDC-E5FCDEEEF2E1}.Release|Mixed Platforms.ActiveCfg = Release|Any CPU
		{E98CA55D-846B-40A0-9DDC-E5FCDEEEF2E1}.Release|Mixed Platforms.Build.0 = Release|Any CPU
		{E98CA55D-846B-40A0-9DDC-E5FCDEEEF2E1}.Release|x86.ActiveCfg = Release|Any CPU
		{B4A2AD2C-9D51-404B-A55A-26EFE1460D46}.Debug|Any CPU.ActiveCfg = Debug|Any CPU
		{B4A2AD2C-9D51-404B-A55A-26EFE1460D46}.Debug|Any CPU.Build.0 = Debug|Any CPU
		{B4A2AD2C-9D51-404B-A55A-26EFE1460D46}.Debug|Mixed Platforms.ActiveCfg = Debug|Any CPU
		{B4A2AD2C-9D51-404B-A55A-26EFE1460D46}.Debug|Mixed Platforms.Build.0 = Debug|Any CPU
		{B4A2AD2C-9D51-404B-A55A-26EFE1460D46}.Debug|x86.ActiveCfg = Debug|Any CPU
		{B4A2AD2C-9D51-404B-A55A-26EFE1460D46}.Release|Any CPU.ActiveCfg = Release|Any CPU
		{B4A2AD2C-9D51-404B-A55A-26EFE1460D46}.Release|Any CPU.Build.0 = Release|Any CPU
		{B4A2AD2C-9D51-404B-A55A-26EFE1460D46}.Release|Mixed Platforms.ActiveCfg = Release|Any CPU
		{B4A2AD2C-9D51-404B-A55A-26EFE1460D46}.Release|Mixed Platforms.Build.0 = Release|Any CPU
		{B4A2AD2C-9D51-404B-A55A-26EFE1460D46}.Release|x86.ActiveCfg = Release|Any CPU
		{E128EFDD-EE82-4F87-99D3-FBF505BF231E}.Debug|Any CPU.ActiveCfg = Debug|Any CPU
		{E128EFDD-EE82-4F87-99D3-FBF505BF231E}.Debug|Any CPU.Build.0 = Debug|Any CPU
		{E128EFDD-EE82-4F87-99D3-FBF505BF231E}.Debug|Mixed Platforms.ActiveCfg = Debug|Any CPU
		{E128EFDD-EE82-4F87-99D3-FBF505BF231E}.Debug|Mixed Platforms.Build.0 = Debug|Any CPU
		{E128EFDD-EE82-4F87-99D3-FBF505BF231E}.Debug|x86.ActiveCfg = Debug|Any CPU
		{E128EFDD-EE82-4F87-99D3-FBF505BF231E}.Release|Any CPU.ActiveCfg = Release|Any CPU
		{E128EFDD-EE82-4F87-99D3-FBF505BF231E}.Release|Any CPU.Build.0 = Release|Any CPU
		{E128EFDD-EE82-4F87-99D3-FBF505BF231E}.Release|Mixed Platforms.ActiveCfg = Release|Any CPU
		{E128EFDD-EE82-4F87-99D3-FBF505BF231E}.Release|Mixed Platforms.Build.0 = Release|Any CPU
		{E128EFDD-EE82-4F87-99D3-FBF505BF231E}.Release|x86.ActiveCfg = Release|Any CPU
		{2D5AAC90-5FFA-428F-A351-80FE858D4D6B}.Debug|Any CPU.ActiveCfg = Debug|Any CPU
		{2D5AAC90-5FFA-428F-A351-80FE858D4D6B}.Debug|Any CPU.Build.0 = Debug|Any CPU
		{2D5AAC90-5FFA-428F-A351-80FE858D4D6B}.Debug|Mixed Platforms.ActiveCfg = Debug|Any CPU
		{2D5AAC90-5FFA-428F-A351-80FE858D4D6B}.Debug|Mixed Platforms.Build.0 = Debug|Any CPU
		{2D5AAC90-5FFA-428F-A351-80FE858D4D6B}.Debug|x86.ActiveCfg = Debug|Any CPU
		{2D5AAC90-5FFA-428F-A351-80FE858D4D6B}.Release|Any CPU.ActiveCfg = Release|Any CPU
		{2D5AAC90-5FFA-428F-A351-80FE858D4D6B}.Release|Any CPU.Build.0 = Release|Any CPU
		{2D5AAC90-5FFA-428F-A351-80FE858D4D6B}.Release|Mixed Platforms.ActiveCfg = Release|Any CPU
		{2D5AAC90-5FFA-428F-A351-80FE858D4D6B}.Release|Mixed Platforms.Build.0 = Release|Any CPU
		{2D5AAC90-5FFA-428F-A351-80FE858D4D6B}.Release|x86.ActiveCfg = Release|Any CPU
		{D89F5AAE-6E97-4EF3-8763-BE2635912BB3}.Debug|Any CPU.ActiveCfg = Debug|Any CPU
		{D89F5AAE-6E97-4EF3-8763-BE2635912BB3}.Debug|Any CPU.Build.0 = Debug|Any CPU
		{D89F5AAE-6E97-4EF3-8763-BE2635912BB3}.Debug|Mixed Platforms.ActiveCfg = Debug|Any CPU
		{D89F5AAE-6E97-4EF3-8763-BE2635912BB3}.Debug|Mixed Platforms.Build.0 = Debug|Any CPU
		{D89F5AAE-6E97-4EF3-8763-BE2635912BB3}.Debug|x86.ActiveCfg = Debug|Any CPU
		{D89F5AAE-6E97-4EF3-8763-BE2635912BB3}.Release|Any CPU.ActiveCfg = Release|Any CPU
		{D89F5AAE-6E97-4EF3-8763-BE2635912BB3}.Release|Any CPU.Build.0 = Release|Any CPU
		{D89F5AAE-6E97-4EF3-8763-BE2635912BB3}.Release|Mixed Platforms.ActiveCfg = Release|Any CPU
		{D89F5AAE-6E97-4EF3-8763-BE2635912BB3}.Release|Mixed Platforms.Build.0 = Release|Any CPU
		{D89F5AAE-6E97-4EF3-8763-BE2635912BB3}.Release|x86.ActiveCfg = Release|Any CPU
		{330AF31D-6218-4E37-8185-0CF4E2D51921}.Debug|Any CPU.ActiveCfg = Debug|Any CPU
		{330AF31D-6218-4E37-8185-0CF4E2D51921}.Debug|Any CPU.Build.0 = Debug|Any CPU
		{330AF31D-6218-4E37-8185-0CF4E2D51921}.Debug|Mixed Platforms.ActiveCfg = Debug|Any CPU
		{330AF31D-6218-4E37-8185-0CF4E2D51921}.Debug|Mixed Platforms.Build.0 = Debug|Any CPU
		{330AF31D-6218-4E37-8185-0CF4E2D51921}.Debug|x86.ActiveCfg = Debug|Any CPU
		{330AF31D-6218-4E37-8185-0CF4E2D51921}.Release|Any CPU.ActiveCfg = Release|Any CPU
		{330AF31D-6218-4E37-8185-0CF4E2D51921}.Release|Any CPU.Build.0 = Release|Any CPU
		{330AF31D-6218-4E37-8185-0CF4E2D51921}.Release|Mixed Platforms.ActiveCfg = Release|Any CPU
		{330AF31D-6218-4E37-8185-0CF4E2D51921}.Release|Mixed Platforms.Build.0 = Release|Any CPU
		{330AF31D-6218-4E37-8185-0CF4E2D51921}.Release|x86.ActiveCfg = Release|Any CPU
		{08584F87-A4B7-4833-95B4-29AB0FB3735A}.Debug|Any CPU.ActiveCfg = Debug|Any CPU
		{08584F87-A4B7-4833-95B4-29AB0FB3735A}.Debug|Any CPU.Build.0 = Debug|Any CPU
		{08584F87-A4B7-4833-95B4-29AB0FB3735A}.Debug|Mixed Platforms.ActiveCfg = Debug|Any CPU
		{08584F87-A4B7-4833-95B4-29AB0FB3735A}.Debug|Mixed Platforms.Build.0 = Debug|Any CPU
		{08584F87-A4B7-4833-95B4-29AB0FB3735A}.Debug|x86.ActiveCfg = Debug|Any CPU
		{08584F87-A4B7-4833-95B4-29AB0FB3735A}.Release|Any CPU.ActiveCfg = Release|Any CPU
		{08584F87-A4B7-4833-95B4-29AB0FB3735A}.Release|Any CPU.Build.0 = Release|Any CPU
		{08584F87-A4B7-4833-95B4-29AB0FB3735A}.Release|Mixed Platforms.ActiveCfg = Release|Any CPU
		{08584F87-A4B7-4833-95B4-29AB0FB3735A}.Release|Mixed Platforms.Build.0 = Release|Any CPU
		{08584F87-A4B7-4833-95B4-29AB0FB3735A}.Release|x86.ActiveCfg = Release|Any CPU
		{30D48282-7673-4387-A306-C472F7638A3E}.Debug|Any CPU.ActiveCfg = Debug|Any CPU
		{30D48282-7673-4387-A306-C472F7638A3E}.Debug|Any CPU.Build.0 = Debug|Any CPU
		{30D48282-7673-4387-A306-C472F7638A3E}.Debug|Mixed Platforms.ActiveCfg = Debug|Any CPU
		{30D48282-7673-4387-A306-C472F7638A3E}.Debug|Mixed Platforms.Build.0 = Debug|Any CPU
		{30D48282-7673-4387-A306-C472F7638A3E}.Debug|x86.ActiveCfg = Debug|Any CPU
		{30D48282-7673-4387-A306-C472F7638A3E}.Release|Any CPU.ActiveCfg = Release|Any CPU
		{30D48282-7673-4387-A306-C472F7638A3E}.Release|Any CPU.Build.0 = Release|Any CPU
		{30D48282-7673-4387-A306-C472F7638A3E}.Release|Mixed Platforms.ActiveCfg = Release|Any CPU
		{30D48282-7673-4387-A306-C472F7638A3E}.Release|Mixed Platforms.Build.0 = Release|Any CPU
		{30D48282-7673-4387-A306-C472F7638A3E}.Release|x86.ActiveCfg = Release|Any CPU
		{0DAA38B5-2333-48B8-ABCF-BDCC62EF327F}.Debug|Any CPU.ActiveCfg = Debug|Any CPU
		{0DAA38B5-2333-48B8-ABCF-BDCC62EF327F}.Debug|Any CPU.Build.0 = Debug|Any CPU
		{0DAA38B5-2333-48B8-ABCF-BDCC62EF327F}.Debug|Mixed Platforms.ActiveCfg = Debug|Any CPU
		{0DAA38B5-2333-48B8-ABCF-BDCC62EF327F}.Debug|Mixed Platforms.Build.0 = Debug|Any CPU
		{0DAA38B5-2333-48B8-ABCF-BDCC62EF327F}.Debug|x86.ActiveCfg = Debug|Any CPU
		{0DAA38B5-2333-48B8-ABCF-BDCC62EF327F}.Release|Any CPU.ActiveCfg = Release|Any CPU
		{0DAA38B5-2333-48B8-ABCF-BDCC62EF327F}.Release|Any CPU.Build.0 = Release|Any CPU
		{0DAA38B5-2333-48B8-ABCF-BDCC62EF327F}.Release|Mixed Platforms.ActiveCfg = Release|Any CPU
		{0DAA38B5-2333-48B8-ABCF-BDCC62EF327F}.Release|Mixed Platforms.Build.0 = Release|Any CPU
		{0DAA38B5-2333-48B8-ABCF-BDCC62EF327F}.Release|x86.ActiveCfg = Release|Any CPU
		{E966468E-00BC-4445-B173-747459E46B1E}.Debug|Any CPU.ActiveCfg = Debug|Any CPU
		{E966468E-00BC-4445-B173-747459E46B1E}.Debug|Any CPU.Build.0 = Debug|Any CPU
		{E966468E-00BC-4445-B173-747459E46B1E}.Debug|Mixed Platforms.ActiveCfg = Debug|Any CPU
		{E966468E-00BC-4445-B173-747459E46B1E}.Debug|Mixed Platforms.Build.0 = Debug|Any CPU
		{E966468E-00BC-4445-B173-747459E46B1E}.Debug|x86.ActiveCfg = Debug|Any CPU
		{E966468E-00BC-4445-B173-747459E46B1E}.Release|Any CPU.ActiveCfg = Release|Any CPU
		{E966468E-00BC-4445-B173-747459E46B1E}.Release|Any CPU.Build.0 = Release|Any CPU
		{E966468E-00BC-4445-B173-747459E46B1E}.Release|Mixed Platforms.ActiveCfg = Release|Any CPU
		{E966468E-00BC-4445-B173-747459E46B1E}.Release|Mixed Platforms.Build.0 = Release|Any CPU
		{E966468E-00BC-4445-B173-747459E46B1E}.Release|x86.ActiveCfg = Release|Any CPU
		{628AF57E-FF93-40E9-9B2B-C7F307609880}.Debug|Any CPU.ActiveCfg = Debug|x86
		{628AF57E-FF93-40E9-9B2B-C7F307609880}.Debug|Mixed Platforms.ActiveCfg = Debug|x86
		{628AF57E-FF93-40E9-9B2B-C7F307609880}.Debug|Mixed Platforms.Build.0 = Debug|x86
		{628AF57E-FF93-40E9-9B2B-C7F307609880}.Debug|x86.ActiveCfg = Debug|x86
		{628AF57E-FF93-40E9-9B2B-C7F307609880}.Debug|x86.Build.0 = Debug|x86
		{628AF57E-FF93-40E9-9B2B-C7F307609880}.Release|Any CPU.ActiveCfg = Release|x86
		{628AF57E-FF93-40E9-9B2B-C7F307609880}.Release|Mixed Platforms.ActiveCfg = Release|x86
		{628AF57E-FF93-40E9-9B2B-C7F307609880}.Release|Mixed Platforms.Build.0 = Release|x86
		{628AF57E-FF93-40E9-9B2B-C7F307609880}.Release|x86.ActiveCfg = Release|x86
		{628AF57E-FF93-40E9-9B2B-C7F307609880}.Release|x86.Build.0 = Release|x86
		{268E7680-E27B-46C7-9701-01426C91B5E8}.Debug|Any CPU.ActiveCfg = Debug|Any CPU
		{268E7680-E27B-46C7-9701-01426C91B5E8}.Debug|Any CPU.Build.0 = Debug|Any CPU
		{268E7680-E27B-46C7-9701-01426C91B5E8}.Debug|Mixed Platforms.ActiveCfg = Debug|Any CPU
		{268E7680-E27B-46C7-9701-01426C91B5E8}.Debug|Mixed Platforms.Build.0 = Debug|Any CPU
		{268E7680-E27B-46C7-9701-01426C91B5E8}.Debug|x86.ActiveCfg = Debug|Any CPU
		{268E7680-E27B-46C7-9701-01426C91B5E8}.Release|Any CPU.ActiveCfg = Release|Any CPU
		{268E7680-E27B-46C7-9701-01426C91B5E8}.Release|Any CPU.Build.0 = Release|Any CPU
		{268E7680-E27B-46C7-9701-01426C91B5E8}.Release|Mixed Platforms.ActiveCfg = Release|Any CPU
		{268E7680-E27B-46C7-9701-01426C91B5E8}.Release|Mixed Platforms.Build.0 = Release|Any CPU
		{268E7680-E27B-46C7-9701-01426C91B5E8}.Release|x86.ActiveCfg = Release|Any CPU
		{0346655B-EEF2-4ADC-B5E3-58FF493216AE}.Debug|Any CPU.ActiveCfg = Debug|Any CPU
		{0346655B-EEF2-4ADC-B5E3-58FF493216AE}.Debug|Any CPU.Build.0 = Debug|Any CPU
		{0346655B-EEF2-4ADC-B5E3-58FF493216AE}.Debug|Mixed Platforms.ActiveCfg = Debug|Any CPU
		{0346655B-EEF2-4ADC-B5E3-58FF493216AE}.Debug|Mixed Platforms.Build.0 = Debug|Any CPU
		{0346655B-EEF2-4ADC-B5E3-58FF493216AE}.Debug|x86.ActiveCfg = Debug|Any CPU
		{0346655B-EEF2-4ADC-B5E3-58FF493216AE}.Release|Any CPU.ActiveCfg = Release|Any CPU
		{0346655B-EEF2-4ADC-B5E3-58FF493216AE}.Release|Any CPU.Build.0 = Release|Any CPU
		{0346655B-EEF2-4ADC-B5E3-58FF493216AE}.Release|Mixed Platforms.ActiveCfg = Release|Any CPU
		{0346655B-EEF2-4ADC-B5E3-58FF493216AE}.Release|Mixed Platforms.Build.0 = Release|Any CPU
		{0346655B-EEF2-4ADC-B5E3-58FF493216AE}.Release|x86.ActiveCfg = Release|Any CPU
		{61470DD0-9E5E-4083-A6DA-2ECAB0D0E689}.Debug|Any CPU.ActiveCfg = Debug|Any CPU
		{61470DD0-9E5E-4083-A6DA-2ECAB0D0E689}.Debug|Any CPU.Build.0 = Debug|Any CPU
		{61470DD0-9E5E-4083-A6DA-2ECAB0D0E689}.Debug|Mixed Platforms.ActiveCfg = Debug|Any CPU
		{61470DD0-9E5E-4083-A6DA-2ECAB0D0E689}.Debug|Mixed Platforms.Build.0 = Debug|Any CPU
		{61470DD0-9E5E-4083-A6DA-2ECAB0D0E689}.Debug|x86.ActiveCfg = Debug|Any CPU
		{61470DD0-9E5E-4083-A6DA-2ECAB0D0E689}.Release|Any CPU.ActiveCfg = Release|Any CPU
		{61470DD0-9E5E-4083-A6DA-2ECAB0D0E689}.Release|Any CPU.Build.0 = Release|Any CPU
		{61470DD0-9E5E-4083-A6DA-2ECAB0D0E689}.Release|Mixed Platforms.ActiveCfg = Release|Any CPU
		{61470DD0-9E5E-4083-A6DA-2ECAB0D0E689}.Release|Mixed Platforms.Build.0 = Release|Any CPU
		{61470DD0-9E5E-4083-A6DA-2ECAB0D0E689}.Release|x86.ActiveCfg = Release|Any CPU
		{C0DA530D-F813-4303-AD0F-34EEEC275501}.Debug|Any CPU.ActiveCfg = Debug|Any CPU
		{C0DA530D-F813-4303-AD0F-34EEEC275501}.Debug|Any CPU.Build.0 = Debug|Any CPU
		{C0DA530D-F813-4303-AD0F-34EEEC275501}.Debug|Mixed Platforms.ActiveCfg = Debug|Any CPU
		{C0DA530D-F813-4303-AD0F-34EEEC275501}.Debug|Mixed Platforms.Build.0 = Debug|Any CPU
		{C0DA530D-F813-4303-AD0F-34EEEC275501}.Debug|x86.ActiveCfg = Debug|Any CPU
		{C0DA530D-F813-4303-AD0F-34EEEC275501}.Release|Any CPU.ActiveCfg = Release|Any CPU
		{C0DA530D-F813-4303-AD0F-34EEEC275501}.Release|Any CPU.Build.0 = Release|Any CPU
		{C0DA530D-F813-4303-AD0F-34EEEC275501}.Release|Mixed Platforms.ActiveCfg = Release|Any CPU
		{C0DA530D-F813-4303-AD0F-34EEEC275501}.Release|Mixed Platforms.Build.0 = Release|Any CPU
		{C0DA530D-F813-4303-AD0F-34EEEC275501}.Release|x86.ActiveCfg = Release|Any CPU
		{A18A7F36-9896-46BE-8BE6-FB97EE1FE193}.Debug|Any CPU.ActiveCfg = Debug|Any CPU
		{A18A7F36-9896-46BE-8BE6-FB97EE1FE193}.Debug|Any CPU.Build.0 = Debug|Any CPU
		{A18A7F36-9896-46BE-8BE6-FB97EE1FE193}.Debug|Mixed Platforms.ActiveCfg = Debug|Any CPU
		{A18A7F36-9896-46BE-8BE6-FB97EE1FE193}.Debug|Mixed Platforms.Build.0 = Debug|Any CPU
		{A18A7F36-9896-46BE-8BE6-FB97EE1FE193}.Debug|x86.ActiveCfg = Debug|Any CPU
		{A18A7F36-9896-46BE-8BE6-FB97EE1FE193}.Release|Any CPU.ActiveCfg = Release|Any CPU
		{A18A7F36-9896-46BE-8BE6-FB97EE1FE193}.Release|Any CPU.Build.0 = Release|Any CPU
		{A18A7F36-9896-46BE-8BE6-FB97EE1FE193}.Release|Mixed Platforms.ActiveCfg = Release|Any CPU
		{A18A7F36-9896-46BE-8BE6-FB97EE1FE193}.Release|Mixed Platforms.Build.0 = Release|Any CPU
		{A18A7F36-9896-46BE-8BE6-FB97EE1FE193}.Release|x86.ActiveCfg = Release|Any CPU
		{2CF171D1-D0E2-4C27-BE56-A14D16FF4A5F}.Debug|Any CPU.ActiveCfg = Debug|Any CPU
		{2CF171D1-D0E2-4C27-BE56-A14D16FF4A5F}.Debug|Any CPU.Build.0 = Debug|Any CPU
		{2CF171D1-D0E2-4C27-BE56-A14D16FF4A5F}.Debug|Mixed Platforms.ActiveCfg = Debug|Any CPU
		{2CF171D1-D0E2-4C27-BE56-A14D16FF4A5F}.Debug|Mixed Platforms.Build.0 = Debug|Any CPU
		{2CF171D1-D0E2-4C27-BE56-A14D16FF4A5F}.Debug|x86.ActiveCfg = Debug|Any CPU
		{2CF171D1-D0E2-4C27-BE56-A14D16FF4A5F}.Release|Any CPU.ActiveCfg = Release|Any CPU
		{2CF171D1-D0E2-4C27-BE56-A14D16FF4A5F}.Release|Any CPU.Build.0 = Release|Any CPU
		{2CF171D1-D0E2-4C27-BE56-A14D16FF4A5F}.Release|Mixed Platforms.ActiveCfg = Release|Any CPU
		{2CF171D1-D0E2-4C27-BE56-A14D16FF4A5F}.Release|Mixed Platforms.Build.0 = Release|Any CPU
		{2CF171D1-D0E2-4C27-BE56-A14D16FF4A5F}.Release|x86.ActiveCfg = Release|Any CPU
		{246D2D6D-6C46-4B88-A6C4-2905A803B6B8}.Debug|Any CPU.ActiveCfg = Debug|Any CPU
		{246D2D6D-6C46-4B88-A6C4-2905A803B6B8}.Debug|Any CPU.Build.0 = Debug|Any CPU
		{246D2D6D-6C46-4B88-A6C4-2905A803B6B8}.Debug|Mixed Platforms.ActiveCfg = Debug|Any CPU
		{246D2D6D-6C46-4B88-A6C4-2905A803B6B8}.Debug|Mixed Platforms.Build.0 = Debug|Any CPU
		{246D2D6D-6C46-4B88-A6C4-2905A803B6B8}.Debug|x86.ActiveCfg = Debug|Any CPU
		{246D2D6D-6C46-4B88-A6C4-2905A803B6B8}.Release|Any CPU.ActiveCfg = Release|Any CPU
		{246D2D6D-6C46-4B88-A6C4-2905A803B6B8}.Release|Any CPU.Build.0 = Release|Any CPU
		{246D2D6D-6C46-4B88-A6C4-2905A803B6B8}.Release|Mixed Platforms.ActiveCfg = Release|Any CPU
		{246D2D6D-6C46-4B88-A6C4-2905A803B6B8}.Release|Mixed Platforms.Build.0 = Release|Any CPU
		{246D2D6D-6C46-4B88-A6C4-2905A803B6B8}.Release|x86.ActiveCfg = Release|Any CPU
		{3E21E791-9506-4D44-A43E-EB1952DC6A88}.Debug|Any CPU.ActiveCfg = Debug|Any CPU
		{3E21E791-9506-4D44-A43E-EB1952DC6A88}.Debug|Any CPU.Build.0 = Debug|Any CPU
		{3E21E791-9506-4D44-A43E-EB1952DC6A88}.Debug|Mixed Platforms.ActiveCfg = Debug|Any CPU
		{3E21E791-9506-4D44-A43E-EB1952DC6A88}.Debug|Mixed Platforms.Build.0 = Debug|Any CPU
		{3E21E791-9506-4D44-A43E-EB1952DC6A88}.Debug|x86.ActiveCfg = Debug|Any CPU
		{3E21E791-9506-4D44-A43E-EB1952DC6A88}.Release|Any CPU.ActiveCfg = Release|Any CPU
		{3E21E791-9506-4D44-A43E-EB1952DC6A88}.Release|Any CPU.Build.0 = Release|Any CPU
		{3E21E791-9506-4D44-A43E-EB1952DC6A88}.Release|Mixed Platforms.ActiveCfg = Release|Any CPU
		{3E21E791-9506-4D44-A43E-EB1952DC6A88}.Release|Mixed Platforms.Build.0 = Release|Any CPU
		{3E21E791-9506-4D44-A43E-EB1952DC6A88}.Release|x86.ActiveCfg = Release|Any CPU
	EndGlobalSection
	GlobalSection(SolutionProperties) = preSolution
		HideSolutionNode = FALSE
	EndGlobalSection
	GlobalSection(NestedProjects) = preSolution
		{CDC95683-EFB8-4FE5-B439-D3A271D39BF8} = {C00C7B40-284C-48F2-AECB-F47508D282C5}
		{00D2681A-E779-4805-8F26-735B3ED4C151} = {3D9FC771-E994-4651-B635-E211FECE9570}
		{B5B5D732-6971-4BF8-86D5-60974A435D09} = {3D9FC771-E994-4651-B635-E211FECE9570}
		{E98CA55D-846B-40A0-9DDC-E5FCDEEEF2E1} = {3D9FC771-E994-4651-B635-E211FECE9570}
		{B4A2AD2C-9D51-404B-A55A-26EFE1460D46} = {3D9FC771-E994-4651-B635-E211FECE9570}
		{E128EFDD-EE82-4F87-99D3-FBF505BF231E} = {3D9FC771-E994-4651-B635-E211FECE9570}
		{2D5AAC90-5FFA-428F-A351-80FE858D4D6B} = {3D9FC771-E994-4651-B635-E211FECE9570}
		{D89F5AAE-6E97-4EF3-8763-BE2635912BB3} = {3D9FC771-E994-4651-B635-E211FECE9570}
		{330AF31D-6218-4E37-8185-0CF4E2D51921} = {3D9FC771-E994-4651-B635-E211FECE9570}
		{08584F87-A4B7-4833-95B4-29AB0FB3735A} = {3D9FC771-E994-4651-B635-E211FECE9570}
		{30D48282-7673-4387-A306-C472F7638A3E} = {3D9FC771-E994-4651-B635-E211FECE9570}
		{0DAA38B5-2333-48B8-ABCF-BDCC62EF327F} = {3D9FC771-E994-4651-B635-E211FECE9570}
		{E966468E-00BC-4445-B173-747459E46B1E} = {3D9FC771-E994-4651-B635-E211FECE9570}
		{268E7680-E27B-46C7-9701-01426C91B5E8} = {3D9FC771-E994-4651-B635-E211FECE9570}
		{61470DD0-9E5E-4083-A6DA-2ECAB0D0E689} = {3D9FC771-E994-4651-B635-E211FECE9570}
		{C0DA530D-F813-4303-AD0F-34EEEC275501} = {3D9FC771-E994-4651-B635-E211FECE9570}
		{A18A7F36-9896-46BE-8BE6-FB97EE1FE193} = {3D9FC771-E994-4651-B635-E211FECE9570}
		{2CF171D1-D0E2-4C27-BE56-A14D16FF4A5F} = {3D9FC771-E994-4651-B635-E211FECE9570}
		{246D2D6D-6C46-4B88-A6C4-2905A803B6B8} = {3D9FC771-E994-4651-B635-E211FECE9570}
		{3E21E791-9506-4D44-A43E-EB1952DC6A88} = {3D9FC771-E994-4651-B635-E211FECE9570}
	EndGlobalSection
EndGlobal
