
Microsoft Visual Studio Solution File, Format Version 11.00
# Visual Studio 2010
Project("{FAE04EC0-301F-11D3-BF4B-00C04F79EFBC}") = "Fixtures.Marketing", "Fixtures.Marketing.csproj", "{0DAA38B5-2333-48B8-ABCF-BDCC62EF327F}"
EndProject
Global
	GlobalSection(SolutionConfigurationPlatforms) = preSolution
		Debug|Any CPU = Debug|Any CPU
		Release|Any CPU = Release|Any CPU
	EndGlobalSection
	GlobalSection(ProjectConfigurationPlatforms) = postSolution
		{0DAA38B5-2333-48B8-ABCF-BDCC62EF327F}.Debug|Any CPU.ActiveCfg = Debug|Any CPU
		{0DAA38B5-2333-48B8-ABCF-BDCC62EF327F}.Debug|Any CPU.Build.0 = Debug|Any CPU
		{0DAA38B5-2333-48B8-ABCF-BDCC62EF327F}.Release|Any CPU.ActiveCfg = Release|Any CPU
		{0DAA38B5-2333-48B8-ABCF-BDCC62EF327F}.Release|Any CPU.Build.0 = Release|Any CPU
	EndGlobalSection
	GlobalSection(SolutionProperties) = preSolution
		HideSolutionNode = FALSE
	EndGlobalSection
EndGlobal
